{
  "nodes": {
    "discord-net": {
      "inputs": {
        "flake-utils": [
          "flake-utils"
        ],
        "native": "native",
        "nixpkgs": [
          "nixpkgs"
        ],
        "nuget-packageslock2nix": "nuget-packageslock2nix"
      },
      "locked": {
        "path": "./discord-net",
        "type": "path"
      },
      "original": {
        "path": "./discord-net",
        "type": "path"
      },
      "parent": []
    },
    "flake-utils": {
      "inputs": {
        "systems": "systems"
      },
      "locked": {
        "lastModified": 1731533236,
        "narHash": "sha256-l0KFg5HjrsfsO/JpG+r7fRrqm12kzFHyUHqHCVpMMbI=",
        "owner": "numtide",
        "repo": "flake-utils",
        "rev": "11707dc2f618dd54ca8739b309ec4fc024de578b",
        "type": "github"
      },
      "original": {
        "owner": "numtide",
        "repo": "flake-utils",
        "type": "github"
      }
    },
    "native": {
      "inputs": {
        "flake-utils": [
          "discord-net",
          "flake-utils"
        ],
        "nixpkgs": [
          "discord-net",
          "nixpkgs"
        ]
      },
      "locked": {
        "path": "./Native",
        "type": "path"
      },
      "original": {
        "path": "./Native",
        "type": "path"
      },
      "parent": [
        "discord-net"
      ]
    },
    "nixpkgs": {
      "locked": {
        "lastModified": 1761880412,
        "narHash": "sha256-QoJjGd4NstnyOG4mm4KXF+weBzA2AH/7gn1Pmpfcb0A=",
        "owner": "NixOS",
        "repo": "nixpkgs",
        "rev": "a7fc11be66bdfb5cdde611ee5ce381c183da8386",
        "type": "github"
      },
      "original": {
        "owner": "NixOS",
        "ref": "nixpkgs-unstable",
        "repo": "nixpkgs",
        "type": "github"
      }
    },
    "nuget-packageslock2nix": {
      "inputs": {
        "nixpkgs": [
          "discord-net",
          "nixpkgs"
        ]
      },
      "locked": {
        "lastModified": 1761040608,
        "narHash": "sha256-QWNZT450i/89ud1Tkk+MjwfJzDgg8wrpS/x2jPthN6I=",
        "owner": "mdarocha",
        "repo": "nuget-packageslock2nix",
        "rev": "d629f61009274fb4cd1fe9b24a30f9849251b25c",
        "type": "github"
      },
      "original": {
        "owner": "mdarocha",
        "repo": "nuget-packageslock2nix",
        "type": "github"
      }
    },
    "python-uvicorn": {
      "inputs": {
        "flake-utils": [
          "flake-utils"
        ],
        "nixpkgs": [
          "nixpkgs"
        ]
      },
      "locked": {
        "path": "./python-uvicorn",
        "type": "path"
      },
      "original": {
        "path": "./python-uvicorn",
        "type": "path"
      },
      "parent": []
    },
    "root": {
      "inputs": {
        "discord-net": "discord-net",
        "flake-utils": "flake-utils",
        "nixpkgs": "nixpkgs",
        "python-uvicorn": "python-uvicorn"
      }
    },
    "systems": {
      "locked": {
        "lastModified": 1681028828,
        "narHash": "sha256-Vy1rq5AaRuLzOxct8nz4T6wlgyUR7zLU309k9mBC768=",
        "owner": "nix-systems",
        "repo": "default",
        "rev": "da67096a3b9bf56a91d16901293e51ba5b49a27e",
        "type": "github"
      },
      "original": {
        "owner": "nix-systems",
        "repo": "default",
        "type": "github"
      }
    }
  },
  "root": "root",
  "version": 7
}
