{
  "version": 1,
  "dependencies": {
    "net9.0": {
      "Newtonsoft.Json": {
        "type": "Direct",
        "requested": "[13.0.4, )",
        "resolved": "13.0.4",
        "contentHash": "pdgNNMai3zv51W5aq268sujXUyx7SNdE2bj1wZcWjAQrKMFZV260lbqYop1d2GM67JI1huLRwxo9ZqnfF/lC6A=="
      },
      "System.Collections.Immutable": {
        "type": "Direct",
        "requested": "[9.0.10, )",
        "resolved": "9.0.10",
        "contentHash": "2FkVxKnJVqFtv5zGKSEu2FPqbOScpxw+CvgV0C2MYtXPrT1ZcylAdYlTj3S64iRDV7HGykvagoadUUhZN1/eQg=="
      }
    }
  }
}