{
  "nodes": {
    "flake-compat": {
      "flake": false,
      "locked": {
        "lastModified": 1767039857,
        "narHash": "sha256-vNpUSpF5Nuw8xvDLj2KCwwksIbjua2LZCqhV1LNRDns=",
        "owner": "NixOS",
        "repo": "flake-compat",
        "rev": "5edf11c44bc78a0d334f6334cdaf7d60d732daab",
        "type": "github"
      },
      "original": {
        "owner": "NixOS",
        "repo": "flake-compat",
        "type": "github"
      }
    },
    "flake-utils": {
      "inputs": {
        "systems": "systems"
      },
      "locked": {
        "lastModified": 1731533236,
        "narHash": "sha256-l0KFg5HjrsfsO/JpG+r7fRrqm12kzFHyUHqHCVpMMbI=",
        "owner": "numtide",
        "repo": "flake-utils",
        "rev": "11707dc2f618dd54ca8739b309ec4fc024de578b",
        "type": "github"
      },
      "original": {
        "owner": "numtide",
        "repo": "flake-utils",
        "type": "github"
      }
    },
    "mmor-net": {
      "inputs": {
        "flake-utils": [
          "flake-utils"
        ],
        "nixpkgs": [
          "nixpkgs"
        ],
        "nuget-packageslock2nix": "nuget-packageslock2nix"
      },
      "locked": {
        "path": "./MMOR.NET/src",
        "type": "path"
      },
      "original": {
        "path": "./MMOR.NET/src",
        "type": "path"
      },
      "parent": []
    },
    "native": {
      "inputs": {
        "flake-compat": "flake-compat",
        "flake-utils": [
          "flake-utils"
        ],
        "nixpkgs": [
          "nixpkgs"
        ],
        "zon2nix": "zon2nix"
      },
      "locked": {
        "path": "./Native",
        "type": "path"
      },
      "original": {
        "path": "./Native",
        "type": "path"
      },
      "parent": []
    },
    "nixpkgs": {
      "locked": {
        "lastModified": 1767966113,
        "narHash": "sha256-mSTsvXa4WveSRJexsmCbm9dY17B1fKp7NLpJxllpQw4=",
        "owner": "NixOS",
        "repo": "nixpkgs",
        "rev": "5f02c91314c8ba4afe83b256b023756412218535",
        "type": "github"
      },
      "original": {
        "owner": "NixOS",
        "ref": "nixpkgs-unstable",
        "repo": "nixpkgs",
        "type": "github"
      }
    },
    "nuget-packageslock2nix": {
      "inputs": {
        "nixpkgs": [
          "mmor-net",
          "nixpkgs"
        ]
      },
      "locked": {
        "lastModified": 1765240224,
        "narHash": "sha256-jfs0uUqEVfytry0RyecBZO8+l7xR+KE+1P4QUA8qan8=",
        "owner": "mdarocha",
        "repo": "nuget-packageslock2nix",
        "rev": "0994485bbedb6d5758795d774b2346553083fdfd",
        "type": "github"
      },
      "original": {
        "owner": "mdarocha",
        "repo": "nuget-packageslock2nix",
        "type": "github"
      }
    },
    "nuget-packageslock2nix_2": {
      "inputs": {
        "nixpkgs": [
          "nixpkgs"
        ]
      },
      "locked": {
        "lastModified": 1765240224,
        "narHash": "sha256-jfs0uUqEVfytry0RyecBZO8+l7xR+KE+1P4QUA8qan8=",
        "owner": "mdarocha",
        "repo": "nuget-packageslock2nix",
        "rev": "0994485bbedb6d5758795d774b2346553083fdfd",
        "type": "github"
      },
      "original": {
        "owner": "mdarocha",
        "repo": "nuget-packageslock2nix",
        "type": "github"
      }
    },
    "root": {
      "inputs": {
        "flake-utils": "flake-utils",
        "mmor-net": "mmor-net",
        "native": "native",
        "nixpkgs": "nixpkgs",
        "nuget-packageslock2nix": "nuget-packageslock2nix_2"
      }
    },
    "systems": {
      "locked": {
        "lastModified": 1681028828,
        "narHash": "sha256-Vy1rq5AaRuLzOxct8nz4T6wlgyUR7zLU309k9mBC768=",
        "owner": "nix-systems",
        "repo": "default",
        "rev": "da67096a3b9bf56a91d16901293e51ba5b49a27e",
        "type": "github"
      },
      "original": {
        "owner": "nix-systems",
        "repo": "default",
        "type": "github"
      }
    },
    "zon2nix": {
      "inputs": {
        "nixpkgs": [
          "native",
          "nixpkgs"
        ]
      },
      "locked": {
        "lastModified": 1762717967,
        "narHash": "sha256-iL7BNlatn34yABkggwdo/Gb+tNHyIl9sD6uCIbd5Nno=",
        "owner": "jcollie",
        "repo": "zon2nix",
        "rev": "28d75a74ac02eef5af438b6bccd9dd1fc840729e",
        "type": "github"
      },
      "original": {
        "owner": "jcollie",
        "repo": "zon2nix",
        "type": "github"
      }
    }
  },
  "root": "root",
  "version": 7
}
