{
  "nodes": {
    "flake-utils": {
      "inputs": {
        "systems": "systems"
      },
      "locked": {
        "lastModified": 1731533236,
        "narHash": "sha256-l0KFg5HjrsfsO/JpG+r7fRrqm12kzFHyUHqHCVpMMbI=",
        "owner": "numtide",
        "repo": "flake-utils",
        "rev": "11707dc2f618dd54ca8739b309ec4fc024de578b",
        "type": "github"
      },
      "original": {
        "owner": "numtide",
        "repo": "flake-utils",
        "type": "github"
      }
    },
    "nixpkgs": {
      "locked": {
        "lastModified": 1761323738,
        "narHash": "sha256-4wAJWLQq2gdkFzp72sSnNtzZb8H7yKEqlf+ABZfEibk=",
        "owner": "NixOS",
        "repo": "nixpkgs",
        "rev": "385f0a2ebbff162a2ba67c72e6ab2f21f5a2f006",
        "type": "github"
      },
      "original": {
        "owner": "NixOS",
        "repo": "nixpkgs",
        "type": "github"
      }
    },
    "nuget-packageslock2nix": {
      "inputs": {
        "nixpkgs": [
          "nixpkgs"
        ]
      },
      "locked": {
        "lastModified": 1761040608,
        "narHash": "sha256-QWNZT450i/89ud1Tkk+MjwfJzDgg8wrpS/x2jPthN6I=",
        "owner": "mdarocha",
        "repo": "nuget-packageslock2nix",
        "rev": "d629f61009274fb4cd1fe9b24a30f9849251b25c",
        "type": "github"
      },
      "original": {
        "owner": "mdarocha",
        "repo": "nuget-packageslock2nix",
        "type": "github"
      }
    },
    "root": {
      "inputs": {
        "flake-utils": "flake-utils",
        "nixpkgs": "nixpkgs",
        "nuget-packageslock2nix": "nuget-packageslock2nix"
      }
    },
    "systems": {
      "locked": {
        "lastModified": 1681028828,
        "narHash": "sha256-Vy1rq5AaRuLzOxct8nz4T6wlgyUR7zLU309k9mBC768=",
        "owner": "nix-systems",
        "repo": "default",
        "rev": "da67096a3b9bf56a91d16901293e51ba5b49a27e",
        "type": "github"
      },
      "original": {
        "owner": "nix-systems",
        "repo": "default",
        "type": "github"
      }
    }
  },
  "root": "root",
  "version": 7
}
